
Microsoft Visual Studio Solution File, Format Version 12.00
# Visual Studio 15
VisualStudioVersion = 15.0.28307.489
MinimumVisualStudioVersion = 10.0.40219.1
Project("{FAE04EC0-301F-11D3-BF4B-00C04F79EFBC}") = "LoginApp", "LoginApp\LoginApp.csproj", "{91857113-486D-44E7-8B14-9AFDB2FFB421}"
EndProject
Global
	GlobalSection(SolutionConfigurationPlatforms) = preSolution
		Debug|Any CPU = Debug|Any CPU
		Release|Any CPU = Release|Any CPU
	EndGlobalSection
	GlobalSection(ProjectConfigurationPlatforms) = postSolution
		{91857113-486D-44E7-8B14-9AFDB2FFB421}.Debug|Any CPU.ActiveCfg = Debug|Any CPU
		{91857113-486D-44E7-8B14-9AFDB2FFB421}.Debug|Any CPU.Build.0 = Debug|Any CPU
		{91857113-486D-44E7-8B14-9AFDB2FFB421}.Release|Any CPU.ActiveCfg = Release|Any CPU
		{91857113-486D-44E7-8B14-9AFDB2FFB421}.Release|Any CPU.Build.0 = Release|Any CPU
	EndGlobalSection
	GlobalSection(SolutionProperties) = preSolution
		HideSolutionNode = FALSE
	EndGlobalSection
	GlobalSection(ExtensibilityGlobals) = postSolution
		SolutionGuid = {D0DBA2D5-6D76-4341-895F-E82EB52F943E}
	EndGlobalSection
EndGlobal
